
Microsoft Visual Studio Solution File, Format Version 12.00
Project("{FAE04EC0-301F-11D3-BF4B-00C04F79EFBC}") = "Card-Api", "Card-Api.csproj", "{357AD8B7-92CF-4484-AB79-E377E1EFF05D}"
EndProject
Global
	GlobalSection(SolutionConfigurationPlatforms) = preSolution
		Debug|Any CPU = Debug|Any CPU
		Release|Any CPU = Release|Any CPU
	EndGlobalSection
	GlobalSection(ProjectConfigurationPlatforms) = postSolution
		{357AD8B7-92CF-4484-AB79-E377E1EFF05D}.Debug|Any CPU.ActiveCfg = Debug|Any CPU
		{357AD8B7-92CF-4484-AB79-E377E1EFF05D}.Debug|Any CPU.Build.0 = Debug|Any CPU
		{357AD8B7-92CF-4484-AB79-E377E1EFF05D}.Release|Any CPU.ActiveCfg = Release|Any CPU
		{357AD8B7-92CF-4484-AB79-E377E1EFF05D}.Release|Any CPU.Build.0 = Release|Any CPU
	EndGlobalSection
EndGlobal
